
Microsoft Visual Studio Solution File, Format Version 12.00
# Visual Studio Version 17
VisualStudioVersion = 17.0.31903.59
MinimumVisualStudioVersion = 10.0.40219.1
Project("{FAE04EC0-301F-11D3-BF4B-00C04F79EFBC}") = "PerfectDraft.Product.Api", "src\PerfectDraft.Product.Api\PerfectDraft.Product.Api.csproj", "{6A14EA59-55A5-4054-A246-11338E4518AD}"
EndProject
Project("{FAE04EC0-301F-11D3-BF4B-00C04F79EFBC}") = "PerfectDraft.Product.Infrastructure", "src\PerfectDraft.Product.Infrastructure\PerfectDraft.Product.Infrastructure.csproj", "{17EF0D7A-9D94-5BB7-A055-F195FFD9C6D9}"
EndProject
Project("{FAE04EC0-301F-11D3-BF4B-00C04F79EFBC}") = "PerfectDraft.Product.Service", "src\PerfectDraft.Product.Service\PerfectDraft.Product.Service.csproj", "{D60BE734-3CB5-ED09-A81B-F9FF1BDDB8B9}"
EndProject
Project("{FAE04EC0-301F-11D3-BF4B-00C04F79EFBC}") = "PerfectDraft.Product.Shared", "src\PerfectDraft.Product.Shared\PerfectDraft.Product.Shared.csproj", "{11656806-1E34-945D-101A-C9A3C678D40D}"
EndProject
Project("{FAE04EC0-301F-11D3-BF4B-00C04F79EFBC}") = "PerfectDraft.Product.Test", "src\PerfectDraft.Product.Test\PerfectDraft.Product.Test.csproj", "{CC9CD4D8-AF9F-1301-EB27-F8FDBE90FAE7}"
EndProject
Global
	GlobalSection(SolutionConfigurationPlatforms) = preSolution
		Debug|Any CPU = Debug|Any CPU
		Debug|x64 = Debug|x64
		Debug|x86 = Debug|x86
		Release|Any CPU = Release|Any CPU
		Release|x64 = Release|x64
		Release|x86 = Release|x86
	EndGlobalSection
	GlobalSection(ProjectConfigurationPlatforms) = postSolution
		{6A14EA59-55A5-4054-A246-11338E4518AD}.Debug|Any CPU.ActiveCfg = Debug|Any CPU
		{6A14EA59-55A5-4054-A246-11338E4518AD}.Debug|Any CPU.Build.0 = Debug|Any CPU
		{6A14EA59-55A5-4054-A246-11338E4518AD}.Debug|x64.ActiveCfg = Debug|Any CPU
		{6A14EA59-55A5-4054-A246-11338E4518AD}.Debug|x64.Build.0 = Debug|Any CPU
		{6A14EA59-55A5-4054-A246-11338E4518AD}.Debug|x86.ActiveCfg = Debug|Any CPU
		{6A14EA59-55A5-4054-A246-11338E4518AD}.Debug|x86.Build.0 = Debug|Any CPU
		{6A14EA59-55A5-4054-A246-11338E4518AD}.Release|Any CPU.ActiveCfg = Release|Any CPU
		{6A14EA59-55A5-4054-A246-11338E4518AD}.Release|Any CPU.Build.0 = Release|Any CPU
		{6A14EA59-55A5-4054-A246-11338E4518AD}.Release|x64.ActiveCfg = Release|Any CPU
		{6A14EA59-55A5-4054-A246-11338E4518AD}.Release|x64.Build.0 = Release|Any CPU
		{6A14EA59-55A5-4054-A246-11338E4518AD}.Release|x86.ActiveCfg = Release|Any CPU
		{6A14EA59-55A5-4054-A246-11338E4518AD}.Release|x86.Build.0 = Release|Any CPU
		{17EF0D7A-9D94-5BB7-A055-F195FFD9C6D9}.Debug|Any CPU.ActiveCfg = Debug|Any CPU
		{17EF0D7A-9D94-5BB7-A055-F195FFD9C6D9}.Debug|Any CPU.Build.0 = Debug|Any CPU
		{17EF0D7A-9D94-5BB7-A055-F195FFD9C6D9}.Debug|x64.ActiveCfg = Debug|Any CPU
		{17EF0D7A-9D94-5BB7-A055-F195FFD9C6D9}.Debug|x64.Build.0 = Debug|Any CPU
		{17EF0D7A-9D94-5BB7-A055-F195FFD9C6D9}.Debug|x86.ActiveCfg = Debug|Any CPU
		{17EF0D7A-9D94-5BB7-A055-F195FFD9C6D9}.Debug|x86.Build.0 = Debug|Any CPU
		{17EF0D7A-9D94-5BB7-A055-F195FFD9C6D9}.Release|Any CPU.ActiveCfg = Release|Any CPU
		{17EF0D7A-9D94-5BB7-A055-F195FFD9C6D9}.Release|Any CPU.Build.0 = Release|Any CPU
		{17EF0D7A-9D94-5BB7-A055-F195FFD9C6D9}.Release|x64.ActiveCfg = Release|Any CPU
		{17EF0D7A-9D94-5BB7-A055-F195FFD9C6D9}.Release|x64.Build.0 = Release|Any CPU
		{17EF0D7A-9D94-5BB7-A055-F195FFD9C6D9}.Release|x86.ActiveCfg = Release|Any CPU
		{17EF0D7A-9D94-5BB7-A055-F195FFD9C6D9}.Release|x86.Build.0 = Release|Any CPU
		{D60BE734-3CB5-ED09-A81B-F9FF1BDDB8B9}.Debug|Any CPU.ActiveCfg = Debug|Any CPU
		{D60BE734-3CB5-ED09-A81B-F9FF1BDDB8B9}.Debug|Any CPU.Build.0 = Debug|Any CPU
		{D60BE734-3CB5-ED09-A81B-F9FF1BDDB8B9}.Debug|x64.ActiveCfg = Debug|Any CPU
		{D60BE734-3CB5-ED09-A81B-F9FF1BDDB8B9}.Debug|x64.Build.0 = Debug|Any CPU
		{D60BE734-3CB5-ED09-A81B-F9FF1BDDB8B9}.Debug|x86.ActiveCfg = Debug|Any CPU
		{D60BE734-3CB5-ED09-A81B-F9FF1BDDB8B9}.Debug|x86.Build.0 = Debug|Any CPU
		{D60BE734-3CB5-ED09-A81B-F9FF1BDDB8B9}.Release|Any CPU.ActiveCfg = Release|Any CPU
		{D60BE734-3CB5-ED09-A81B-F9FF1BDDB8B9}.Release|Any CPU.Build.0 = Release|Any CPU
		{D60BE734-3CB5-ED09-A81B-F9FF1BDDB8B9}.Release|x64.ActiveCfg = Release|Any CPU
		{D60BE734-3CB5-ED09-A81B-F9FF1BDDB8B9}.Release|x64.Build.0 = Release|Any CPU
		{D60BE734-3CB5-ED09-A81B-F9FF1BDDB8B9}.Release|x86.ActiveCfg = Release|Any CPU
		{D60BE734-3CB5-ED09-A81B-F9FF1BDDB8B9}.Release|x86.Build.0 = Release|Any CPU
		{11656806-1E34-945D-101A-C9A3C678D40D}.Debug|Any CPU.ActiveCfg = Debug|Any CPU
		{11656806-1E34-945D-101A-C9A3C678D40D}.Debug|Any CPU.Build.0 = Debug|Any CPU
		{11656806-1E34-945D-101A-C9A3C678D40D}.Debug|x64.ActiveCfg = Debug|Any CPU
		{11656806-1E34-945D-101A-C9A3C678D40D}.Debug|x64.Build.0 = Debug|Any CPU
		{11656806-1E34-945D-101A-C9A3C678D40D}.Debug|x86.ActiveCfg = Debug|Any CPU
		{11656806-1E34-945D-101A-C9A3C678D40D}.Debug|x86.Build.0 = Debug|Any CPU
		{11656806-1E34-945D-101A-C9A3C678D40D}.Release|Any CPU.ActiveCfg = Release|Any CPU
		{11656806-1E34-945D-101A-C9A3C678D40D}.Release|Any CPU.Build.0 = Release|Any CPU
		{11656806-1E34-945D-101A-C9A3C678D40D}.Release|x64.ActiveCfg = Release|Any CPU
		{11656806-1E34-945D-101A-C9A3C678D40D}.Release|x64.Build.0 = Release|Any CPU
		{11656806-1E34-945D-101A-C9A3C678D40D}.Release|x86.ActiveCfg = Release|Any CPU
		{11656806-1E34-945D-101A-C9A3C678D40D}.Release|x86.Build.0 = Release|Any CPU
		{CC9CD4D8-AF9F-1301-EB27-F8FDBE90FAE7}.Debug|Any CPU.ActiveCfg = Debug|Any CPU
		{CC9CD4D8-AF9F-1301-EB27-F8FDBE90FAE7}.Debug|Any CPU.Build.0 = Debug|Any CPU
		{CC9CD4D8-AF9F-1301-EB27-F8FDBE90FAE7}.Debug|x64.ActiveCfg = Debug|Any CPU
		{CC9CD4D8-AF9F-1301-EB27-F8FDBE90FAE7}.Debug|x64.Build.0 = Debug|Any CPU
		{CC9CD4D8-AF9F-1301-EB27-F8FDBE90FAE7}.Debug|x86.ActiveCfg = Debug|Any CPU
		{CC9CD4D8-AF9F-1301-EB27-F8FDBE90FAE7}.Debug|x86.Build.0 = Debug|Any CPU
		{CC9CD4D8-AF9F-1301-EB27-F8FDBE90FAE7}.Release|Any CPU.ActiveCfg = Release|Any CPU
		{CC9CD4D8-AF9F-1301-EB27-F8FDBE90FAE7}.Release|Any CPU.Build.0 = Release|Any CPU
		{CC9CD4D8-AF9F-1301-EB27-F8FDBE90FAE7}.Release|x64.ActiveCfg = Release|Any CPU
		{CC9CD4D8-AF9F-1301-EB27-F8FDBE90FAE7}.Release|x64.Build.0 = Release|Any CPU
		{CC9CD4D8-AF9F-1301-EB27-F8FDBE90FAE7}.Release|x86.ActiveCfg = Release|Any CPU
		{CC9CD4D8-AF9F-1301-EB27-F8FDBE90FAE7}.Release|x86.Build.0 = Release|Any CPU
	EndGlobalSection
	GlobalSection(SolutionProperties) = preSolution
		HideSolutionNode = FALSE
	EndGlobalSection
	GlobalSection(ExtensibilityGlobals) = postSolution
		SolutionGuid = {0F098123-AC8F-4406-9D59-DFA3BB72FB63}
	EndGlobalSection
EndGlobal
